
Microsoft Visual Studio Solution File, Format Version 12.00
# Visual Studio Version 17
VisualStudioVersion = 17.2.32616.157
MinimumVisualStudioVersion = 10.0.40219.1
Project("{FAE04EC0-301F-11D3-BF4B-00C04F79EFBC}") = "UniversityApiBackend", "UniversityApiBackend\UniversityApiBackend.csproj", "{3D7FBC63-6900-482C-B831-DECD3A4598D9}"
EndProject
Global
	GlobalSection(SolutionConfigurationPlatforms) = preSolution
		Debug|Any CPU = Debug|Any CPU
		Release|Any CPU = Release|Any CPU
	EndGlobalSection
	GlobalSection(ProjectConfigurationPlatforms) = postSolution
		{3D7FBC63-6900-482C-B831-DECD3A4598D9}.Debug|Any CPU.ActiveCfg = Debug|Any CPU
		{3D7FBC63-6900-482C-B831-DECD3A4598D9}.Debug|Any CPU.Build.0 = Debug|Any CPU
		{3D7FBC63-6900-482C-B831-DECD3A4598D9}.Release|Any CPU.ActiveCfg = Release|Any CPU
		{3D7FBC63-6900-482C-B831-DECD3A4598D9}.Release|Any CPU.Build.0 = Release|Any CPU
	EndGlobalSection
	GlobalSection(SolutionProperties) = preSolution
		HideSolutionNode = FALSE
	EndGlobalSection
	GlobalSection(ExtensibilityGlobals) = postSolution
		SolutionGuid = {E7A40D77-BB35-4EE7-9A61-5CEBEE119F28}
	EndGlobalSection
EndGlobal
